
Microsoft Visual Studio Solution File, Format Version 12.00
# Visual Studio Version 16
VisualStudioVersion = 16.0.31410.357
MinimumVisualStudioVersion = 10.0.40219.1
Project("{159641D6-6404-4A2A-AE62-294DE0FE8301}") = "Quake Logs Process", "Quake Logs Process\Quake Logs Process.dtproj", "{F59DDE03-420B-4B3C-A207-53C1EFD7C7CD}"
EndProject
Global
	GlobalSection(SolutionConfigurationPlatforms) = preSolution
		Development|Default = Development|Default
	EndGlobalSection
	GlobalSection(ProjectConfigurationPlatforms) = postSolution
		{F59DDE03-420B-4B3C-A207-53C1EFD7C7CD}.Development|Default.ActiveCfg = Development
		{F59DDE03-420B-4B3C-A207-53C1EFD7C7CD}.Development|Default.Build.0 = Development
	EndGlobalSection
	GlobalSection(SolutionProperties) = preSolution
		HideSolutionNode = FALSE
	EndGlobalSection
	GlobalSection(ExtensibilityGlobals) = postSolution
		SolutionGuid = {7D0E3883-CFF4-4E7A-8A73-3ECFD551E42A}
	EndGlobalSection
EndGlobal
